# This file is automatically @generated by Cargo.
# It is not intended for manual editing.
version = 4

[[package]]
name = "incodex-asar"
version = "0.2.0"

[[package]]
name = "incodex-cli"
version = "0.2.0"

[[package]]
name = "incodex-core"
version = "0.2.0"

[[package]]
name = "incodex-macos"
version = "0.2.0"

[[package]]
name = "incodex-runtime-bundle"
version = "0.2.0"

[[package]]
name = "incodex-transaction"
version = "0.2.0"
